// !$*UTF8*$!
{
	archiveVersion = 1;
	classes = {
	};
	objectVersion = 56;
	objects = {

/* Begin PBXBuildFile section */
		E9336D212BD5664F00E61E33 /* Tap_n__SoundApp.swift in Sources */ = {isa = PBXBuildFile; fileRef = E9336D202BD5664F00E61E33 /* Tap_n__SoundApp.swift */; };
		E9336D232BD5664F00E61E33 /* ContentView.swift in Sources */ = {isa = PBXBuildFile; fileRef = E9336D222BD5664F00E61E33 /* ContentView.swift */; };
		E9336D252BD5665000E61E33 /* Assets.xcassets in Resources */ = {isa = PBXBuildFile; fileRef = E9336D242BD5665000E61E33 /* Assets.xcassets */; };
		E9336D282BD5665000E61E33 /* Preview Assets.xcassets in Resources */ = {isa = PBXBuildFile; fileRef = E9336D272BD5665000E61E33 /* Preview Assets.xcassets */; };
		E98F9CCF2C0227C80066104C /* Audio 23_1.wav in Resources */ = {isa = PBXBuildFile; fileRef = E98F9CB42C0227C80066104C /* Audio 23_1.wav */; };
		E98F9CD02C0227C80066104C /* Audio 20_1.wav in Resources */ = {isa = PBXBuildFile; fileRef = E98F9CB52C0227C80066104C /* Audio 20_1.wav */; };
		E98F9CD12C0227C80066104C /* Audio 11_1.wav in Resources */ = {isa = PBXBuildFile; fileRef = E98F9CB62C0227C80066104C /* Audio 11_1.wav */; };
		E98F9CD22C0227C80066104C /* Audio 5_1.wav in Resources */ = {isa = PBXBuildFile; fileRef = E98F9CB72C0227C80066104C /* Audio 5_1.wav */; };
		E98F9CD32C0227C80066104C /* Audio 24_1.wav in Resources */ = {isa = PBXBuildFile; fileRef = E98F9CB82C0227C80066104C /* Audio 24_1.wav */; };
		E98F9CD42C0227C80066104C /* Audio 14_1.wav in Resources */ = {isa = PBXBuildFile; fileRef = E98F9CB92C0227C80066104C /* Audio 14_1.wav */; };
		E98F9CD52C0227C80066104C /* Audio 19_1.wav in Resources */ = {isa = PBXBuildFile; fileRef = E98F9CBA2C0227C80066104C /* Audio 19_1.wav */; };
		E98F9CD62C0227C80066104C /* Audio 8_1.wav in Resources */ = {isa = PBXBuildFile; fileRef = E98F9CBB2C0227C80066104C /* Audio 8_1.wav */; };
		E98F9CD72C0227C80066104C /* Audio 27_1.wav in Resources */ = {isa = PBXBuildFile; fileRef = E98F9CBC2C0227C80066104C /* Audio 27_1.wav */; };
		E98F9CD82C0227C80066104C /* Audio 9_1.wav in Resources */ = {isa = PBXBuildFile; fileRef = E98F9CBD2C0227C80066104C /* Audio 9_1.wav */; };
		E98F9CD92C0227C80066104C /* Audio 6_1.wav in Resources */ = {isa = PBXBuildFile; fileRef = E98F9CBE2C0227C80066104C /* Audio 6_1.wav */; };
		E98F9CDA2C0227C80066104C /* Audio 25_1.wav in Resources */ = {isa = PBXBuildFile; fileRef = E98F9CBF2C0227C80066104C /* Audio 25_1.wav */; };
		E98F9CDB2C0227C80066104C /* Audio 26_1.wav in Resources */ = {isa = PBXBuildFile; fileRef = E98F9CC02C0227C80066104C /* Audio 26_1.wav */; };
		E98F9CDC2C0227C80066104C /* Audio 12_1.wav in Resources */ = {isa = PBXBuildFile; fileRef = E98F9CC12C0227C80066104C /* Audio 12_1.wav */; };
		E98F9CDD2C0227C80066104C /* Audio 15_1.wav in Resources */ = {isa = PBXBuildFile; fileRef = E98F9CC22C0227C80066104C /* Audio 15_1.wav */; };
		E98F9CDE2C0227C80066104C /* Audio 1_1.wav in Resources */ = {isa = PBXBuildFile; fileRef = E98F9CC32C0227C80066104C /* Audio 1_1.wav */; };
		E98F9CDF2C0227C80066104C /* Audio 16_1.wav in Resources */ = {isa = PBXBuildFile; fileRef = E98F9CC42C0227C80066104C /* Audio 16_1.wav */; };
		E98F9CE02C0227C80066104C /* Audio 18_1.wav in Resources */ = {isa = PBXBuildFile; fileRef = E98F9CC52C0227C80066104C /* Audio 18_1.wav */; };
		E98F9CE12C0227C80066104C /* Audio 3_1.wav in Resources */ = {isa = PBXBuildFile; fileRef = E98F9CC62C0227C80066104C /* Audio 3_1.wav */; };
		E98F9CE22C0227C80066104C /* Audio 10_1.wav in Resources */ = {isa = PBXBuildFile; fileRef = E98F9CC72C0227C80066104C /* Audio 10_1.wav */; };
		E98F9CE32C0227C80066104C /* Audio 21_1.wav in Resources */ = {isa = PBXBuildFile; fileRef = E98F9CC82C0227C80066104C /* Audio 21_1.wav */; };
		E98F9CE42C0227C80066104C /* Audio 4_1.wav in Resources */ = {isa = PBXBuildFile; fileRef = E98F9CC92C0227C80066104C /* Audio 4_1.wav */; };
		E98F9CE52C0227C80066104C /* Audio 13_1.wav in Resources */ = {isa = PBXBuildFile; fileRef = E98F9CCA2C0227C80066104C /* Audio 13_1.wav */; };
		E98F9CE62C0227C80066104C /* Audio 22_1.wav in Resources */ = {isa = PBXBuildFile; fileRef = E98F9CCB2C0227C80066104C /* Audio 22_1.wav */; };
		E98F9CE72C0227C80066104C /* Audio 17_1.wav in Resources */ = {isa = PBXBuildFile; fileRef = E98F9CCC2C0227C80066104C /* Audio 17_1.wav */; };
		E98F9CE82C0227C80066104C /* Audio 7_1.wav in Resources */ = {isa = PBXBuildFile; fileRef = E98F9CCD2C0227C80066104C /* Audio 7_1.wav */; };
		E98F9CE92C0227C80066104C /* Audio 2_1.wav in Resources */ = {isa = PBXBuildFile; fileRef = E98F9CCE2C0227C80066104C /* Audio 2_1.wav */; };
		E98F9D052C0227D30066104C /* Audio 8_1.wav in Resources */ = {isa = PBXBuildFile; fileRef = E98F9CEA2C0227D30066104C /* Audio 8_1.wav */; };
		E98F9D062C0227D30066104C /* Audio 26_1.wav in Resources */ = {isa = PBXBuildFile; fileRef = E98F9CEB2C0227D30066104C /* Audio 26_1.wav */; };
		E98F9D072C0227D30066104C /* Audio 20_1.wav in Resources */ = {isa = PBXBuildFile; fileRef = E98F9CEC2C0227D30066104C /* Audio 20_1.wav */; };
		E98F9D082C0227D30066104C /* Audio 25_1.wav in Resources */ = {isa = PBXBuildFile; fileRef = E98F9CED2C0227D30066104C /* Audio 25_1.wav */; };
		E98F9D092C0227D30066104C /* Audio 18_1.wav in Resources */ = {isa = PBXBuildFile; fileRef = E98F9CEE2C0227D30066104C /* Audio 18_1.wav */; };
		E98F9D0A2C0227D30066104C /* Audio 9_1.wav in Resources */ = {isa = PBXBuildFile; fileRef = E98F9CEF2C0227D30066104C /* Audio 9_1.wav */; };
		E98F9D0B2C0227D30066104C /* Audio 6_1.wav in Resources */ = {isa = PBXBuildFile; fileRef = E98F9CF02C0227D30066104C /* Audio 6_1.wav */; };
		E98F9D0C2C0227D30066104C /* Audio 10_1.wav in Resources */ = {isa = PBXBuildFile; fileRef = E98F9CF12C0227D30066104C /* Audio 10_1.wav */; };
		E98F9D0D2C0227D30066104C /* Audio 5_1.wav in Resources */ = {isa = PBXBuildFile; fileRef = E98F9CF22C0227D30066104C /* Audio 5_1.wav */; };
		E98F9D0E2C0227D30066104C /* Audio 3_1.wav in Resources */ = {isa = PBXBuildFile; fileRef = E98F9CF32C0227D30066104C /* Audio 3_1.wav */; };
		E98F9D0F2C0227D30066104C /* Audio 11_1.wav in Resources */ = {isa = PBXBuildFile; fileRef = E98F9CF42C0227D30066104C /* Audio 11_1.wav */; };
		E98F9D102C0227D30066104C /* Audio 15_1.wav in Resources */ = {isa = PBXBuildFile; fileRef = E98F9CF52C0227D30066104C /* Audio 15_1.wav */; };
		E98F9D112C0227D30066104C /* Audio 7_1.wav in Resources */ = {isa = PBXBuildFile; fileRef = E98F9CF62C0227D30066104C /* Audio 7_1.wav */; };
		E98F9D122C0227D30066104C /* Audio 14_1.wav in Resources */ = {isa = PBXBuildFile; fileRef = E98F9CF72C0227D30066104C /* Audio 14_1.wav */; };
		E98F9D132C0227D30066104C /* Audio 2_1.wav in Resources */ = {isa = PBXBuildFile; fileRef = E98F9CF82C0227D30066104C /* Audio 2_1.wav */; };
		E98F9D142C0227D30066104C /* Audio 16_1.wav in Resources */ = {isa = PBXBuildFile; fileRef = E98F9CF92C0227D30066104C /* Audio 16_1.wav */; };
		E98F9D152C0227D30066104C /* Audio 12_1.wav in Resources */ = {isa = PBXBuildFile; fileRef = E98F9CFA2C0227D30066104C /* Audio 12_1.wav */; };
		E98F9D162C0227D30066104C /* Audio 22_1.wav in Resources */ = {isa = PBXBuildFile; fileRef = E98F9CFB2C0227D30066104C /* Audio 22_1.wav */; };
		E98F9D172C0227D30066104C /* Audio 17_1.wav in Resources */ = {isa = PBXBuildFile; fileRef = E98F9CFC2C0227D30066104C /* Audio 17_1.wav */; };
		E98F9D182C0227D30066104C /* Audio 4_1.wav in Resources */ = {isa = PBXBuildFile; fileRef = E98F9CFD2C0227D30066104C /* Audio 4_1.wav */; };
		E98F9D192C0227D30066104C /* Audio 24_1.wav in Resources */ = {isa = PBXBuildFile; fileRef = E98F9CFE2C0227D30066104C /* Audio 24_1.wav */; };
		E98F9D1A2C0227D30066104C /* Audio 23_1.wav in Resources */ = {isa = PBXBuildFile; fileRef = E98F9CFF2C0227D30066104C /* Audio 23_1.wav */; };
		E98F9D1B2C0227D30066104C /* Audio 13_1.wav in Resources */ = {isa = PBXBuildFile; fileRef = E98F9D002C0227D30066104C /* Audio 13_1.wav */; };
		E98F9D1C2C0227D30066104C /* Audio 19_1.wav in Resources */ = {isa = PBXBuildFile; fileRef = E98F9D012C0227D30066104C /* Audio 19_1.wav */; };
		E98F9D1D2C0227D30066104C /* Audio 21_1.wav in Resources */ = {isa = PBXBuildFile; fileRef = E98F9D022C0227D30066104C /* Audio 21_1.wav */; };
		E98F9D1E2C0227D30066104C /* Audio 1_1.wav in Resources */ = {isa = PBXBuildFile; fileRef = E98F9D032C0227D30066104C /* Audio 1_1.wav */; };
		E98F9D1F2C0227D30066104C /* Audio 27_1.wav in Resources */ = {isa = PBXBuildFile; fileRef = E98F9D042C0227D30066104C /* Audio 27_1.wav */; };
		E98F9D292C0227E40066104C /* Audio 7_1.wav in Resources */ = {isa = PBXBuildFile; fileRef = E98F9D202C0227E40066104C /* Audio 7_1.wav */; };
		E98F9D2A2C0227E40066104C /* Audio 5_1.wav in Resources */ = {isa = PBXBuildFile; fileRef = E98F9D212C0227E40066104C /* Audio 5_1.wav */; };
		E98F9D2B2C0227E40066104C /* Audio 3_1.wav in Resources */ = {isa = PBXBuildFile; fileRef = E98F9D222C0227E40066104C /* Audio 3_1.wav */; };
		E98F9D2C2C0227E40066104C /* Audio 8_1.wav in Resources */ = {isa = PBXBuildFile; fileRef = E98F9D232C0227E40066104C /* Audio 8_1.wav */; };
		E98F9D2D2C0227E40066104C /* Audio 9_1.wav in Resources */ = {isa = PBXBuildFile; fileRef = E98F9D242C0227E40066104C /* Audio 9_1.wav */; };
		E98F9D2E2C0227E40066104C /* Audio 1_1.wav in Resources */ = {isa = PBXBuildFile; fileRef = E98F9D252C0227E40066104C /* Audio 1_1.wav */; };
		E98F9D2F2C0227E40066104C /* Audio 2_1.wav in Resources */ = {isa = PBXBuildFile; fileRef = E98F9D262C0227E40066104C /* Audio 2_1.wav */; };
		E98F9D302C0227E40066104C /* Audio 4_1.wav in Resources */ = {isa = PBXBuildFile; fileRef = E98F9D272C0227E40066104C /* Audio 4_1.wav */; };
		E98F9D312C0227E40066104C /* Audio 6_1.wav in Resources */ = {isa = PBXBuildFile; fileRef = E98F9D282C0227E40066104C /* Audio 6_1.wav */; };
/* End PBXBuildFile section */

/* Begin PBXFileReference section */
		E9336D1D2BD5664F00E61E33 /* Tap n' Sound.app */ = {isa = PBXFileReference; explicitFileType = wrapper.application; includeInIndex = 0; path = "Tap n' Sound.app"; sourceTree = BUILT_PRODUCTS_DIR; };
		E9336D202BD5664F00E61E33 /* Tap_n__SoundApp.swift */ = {isa = PBXFileReference; lastKnownFileType = sourcecode.swift; path = Tap_n__SoundApp.swift; sourceTree = "<group>"; };
		E9336D222BD5664F00E61E33 /* ContentView.swift */ = {isa = PBXFileReference; lastKnownFileType = sourcecode.swift; path = ContentView.swift; sourceTree = "<group>"; };
		E9336D242BD5665000E61E33 /* Assets.xcassets */ = {isa = PBXFileReference; lastKnownFileType = folder.assetcatalog; path = Assets.xcassets; sourceTree = "<group>"; };
		E9336D272BD5665000E61E33 /* Preview Assets.xcassets */ = {isa = PBXFileReference; lastKnownFileType = folder.assetcatalog; path = "Preview Assets.xcassets"; sourceTree = "<group>"; };
		E98F9CB42C0227C80066104C /* Audio 23_1.wav */ = {isa = PBXFileReference; lastKnownFileType = audio.wav; name = "Audio 23_1.wav"; path = "../../../../Downloads/iwack audio/Audio 23_1.wav"; sourceTree = "<group>"; };
		E98F9CB52C0227C80066104C /* Audio 20_1.wav */ = {isa = PBXFileReference; lastKnownFileType = audio.wav; name = "Audio 20_1.wav"; path = "../../../../Downloads/iwack audio/Audio 20_1.wav"; sourceTree = "<group>"; };
		E98F9CB62C0227C80066104C /* Audio 11_1.wav */ = {isa = PBXFileReference; lastKnownFileType = audio.wav; name = "Audio 11_1.wav"; path = "../../../../Downloads/iwack audio/Audio 11_1.wav"; sourceTree = "<group>"; };
		E98F9CB72C0227C80066104C /* Audio 5_1.wav */ = {isa = PBXFileReference; lastKnownFileType = audio.wav; name = "Audio 5_1.wav"; path = "../../../../Downloads/iwack audio/Audio 5_1.wav"; sourceTree = "<group>"; };
		E98F9CB82C0227C80066104C /* Audio 24_1.wav */ = {isa = PBXFileReference; lastKnownFileType = audio.wav; name = "Audio 24_1.wav"; path = "../../../../Downloads/iwack audio/Audio 24_1.wav"; sourceTree = "<group>"; };
		E98F9CB92C0227C80066104C /* Audio 14_1.wav */ = {isa = PBXFileReference; lastKnownFileType = audio.wav; name = "Audio 14_1.wav"; path = "../../../../Downloads/iwack audio/Audio 14_1.wav"; sourceTree = "<group>"; };
		E98F9CBA2C0227C80066104C /* Audio 19_1.wav */ = {isa = PBXFileReference; lastKnownFileType = audio.wav; name = "Audio 19_1.wav"; path = "../../../../Downloads/iwack audio/Audio 19_1.wav"; sourceTree = "<group>"; };
		E98F9CBB2C0227C80066104C /* Audio 8_1.wav */ = {isa = PBXFileReference; lastKnownFileType = audio.wav; name = "Audio 8_1.wav"; path = "../../../../Downloads/iwack audio/Audio 8_1.wav"; sourceTree = "<group>"; };
		E98F9CBC2C0227C80066104C /* Audio 27_1.wav */ = {isa = PBXFileReference; lastKnownFileType = audio.wav; name = "Audio 27_1.wav"; path = "../../../../Downloads/iwack audio/Audio 27_1.wav"; sourceTree = "<group>"; };
		E98F9CBD2C0227C80066104C /* Audio 9_1.wav */ = {isa = PBXFileReference; lastKnownFileType = audio.wav; name = "Audio 9_1.wav"; path = "../../../../Downloads/iwack audio/Audio 9_1.wav"; sourceTree = "<group>"; };
		E98F9CBE2C0227C80066104C /* Audio 6_1.wav */ = {isa = PBXFileReference; lastKnownFileType = audio.wav; name = "Audio 6_1.wav"; path = "../../../../Downloads/iwack audio/Audio 6_1.wav"; sourceTree = "<group>"; };
		E98F9CBF2C0227C80066104C /* Audio 25_1.wav */ = {isa = PBXFileReference; lastKnownFileType = audio.wav; name = "Audio 25_1.wav"; path = "../../../../Downloads/iwack audio/Audio 25_1.wav"; sourceTree = "<group>"; };
		E98F9CC02C0227C80066104C /* Audio 26_1.wav */ = {isa = PBXFileReference; lastKnownFileType = audio.wav; name = "Audio 26_1.wav"; path = "../../../../Downloads/iwack audio/Audio 26_1.wav"; sourceTree = "<group>"; };
		E98F9CC12C0227C80066104C /* Audio 12_1.wav */ = {isa = PBXFileReference; lastKnownFileType = audio.wav; name = "Audio 12_1.wav"; path = "../../../../Downloads/iwack audio/Audio 12_1.wav"; sourceTree = "<group>"; };
		E98F9CC22C0227C80066104C /* Audio 15_1.wav */ = {isa = PBXFileReference; lastKnownFileType = audio.wav; name = "Audio 15_1.wav"; path = "../../../../Downloads/iwack audio/Audio 15_1.wav"; sourceTree = "<group>"; };
		E98F9CC32C0227C80066104C /* Audio 1_1.wav */ = {isa = PBXFileReference; lastKnownFileType = audio.wav; name = "Audio 1_1.wav"; path = "../../../../Downloads/iwack audio/Audio 1_1.wav"; sourceTree = "<group>"; };
		E98F9CC42C0227C80066104C /* Audio 16_1.wav */ = {isa = PBXFileReference; lastKnownFileType = audio.wav; name = "Audio 16_1.wav"; path = "../../../../Downloads/iwack audio/Audio 16_1.wav"; sourceTree = "<group>"; };
		E98F9CC52C0227C80066104C /* Audio 18_1.wav */ = {isa = PBXFileReference; lastKnownFileType = audio.wav; name = "Audio 18_1.wav"; path = "../../../../Downloads/iwack audio/Audio 18_1.wav"; sourceTree = "<group>"; };
		E98F9CC62C0227C80066104C /* Audio 3_1.wav */ = {isa = PBXFileReference; lastKnownFileType = audio.wav; name = "Audio 3_1.wav"; path = "../../../../Downloads/iwack audio/Audio 3_1.wav"; sourceTree = "<group>"; };
		E98F9CC72C0227C80066104C /* Audio 10_1.wav */ = {isa = PBXFileReference; lastKnownFileType = audio.wav; name = "Audio 10_1.wav"; path = "../../../../Downloads/iwack audio/Audio 10_1.wav"; sourceTree = "<group>"; };
		E98F9CC82C0227C80066104C /* Audio 21_1.wav */ = {isa = PBXFileReference; lastKnownFileType = audio.wav; name = "Audio 21_1.wav"; path = "../../../../Downloads/iwack audio/Audio 21_1.wav"; sourceTree = "<group>"; };
		E98F9CC92C0227C80066104C /* Audio 4_1.wav */ = {isa = PBXFileReference; lastKnownFileType = audio.wav; name = "Audio 4_1.wav"; path = "../../../../Downloads/iwack audio/Audio 4_1.wav"; sourceTree = "<group>"; };
		E98F9CCA2C0227C80066104C /* Audio 13_1.wav */ = {isa = PBXFileReference; lastKnownFileType = audio.wav; name = "Audio 13_1.wav"; path = "../../../../Downloads/iwack audio/Audio 13_1.wav"; sourceTree = "<group>"; };
		E98F9CCB2C0227C80066104C /* Audio 22_1.wav */ = {isa = PBXFileReference; lastKnownFileType = audio.wav; name = "Audio 22_1.wav"; path = "../../../../Downloads/iwack audio/Audio 22_1.wav"; sourceTree = "<group>"; };
		E98F9CCC2C0227C80066104C /* Audio 17_1.wav */ = {isa = PBXFileReference; lastKnownFileType = audio.wav; name = "Audio 17_1.wav"; path = "../../../../Downloads/iwack audio/Audio 17_1.wav"; sourceTree = "<group>"; };
		E98F9CCD2C0227C80066104C /* Audio 7_1.wav */ = {isa = PBXFileReference; lastKnownFileType = audio.wav; name = "Audio 7_1.wav"; path = "../../../../Downloads/iwack audio/Audio 7_1.wav"; sourceTree = "<group>"; };
		E98F9CCE2C0227C80066104C /* Audio 2_1.wav */ = {isa = PBXFileReference; lastKnownFileType = audio.wav; name = "Audio 2_1.wav"; path = "../../../../Downloads/iwack audio/Audio 2_1.wav"; sourceTree = "<group>"; };
		E98F9CEA2C0227D30066104C /* Audio 8_1.wav */ = {isa = PBXFileReference; lastKnownFileType = audio.wav; name = "Audio 8_1.wav"; path = "../../../../Downloads/iwack audio/Audio 8_1.wav"; sourceTree = "<group>"; };
		E98F9CEB2C0227D30066104C /* Audio 26_1.wav */ = {isa = PBXFileReference; lastKnownFileType = audio.wav; name = "Audio 26_1.wav"; path = "../../../../Downloads/iwack audio/Audio 26_1.wav"; sourceTree = "<group>"; };
		E98F9CEC2C0227D30066104C /* Audio 20_1.wav */ = {isa = PBXFileReference; lastKnownFileType = audio.wav; name = "Audio 20_1.wav"; path = "../../../../Downloads/iwack audio/Audio 20_1.wav"; sourceTree = "<group>"; };
		E98F9CED2C0227D30066104C /* Audio 25_1.wav */ = {isa = PBXFileReference; lastKnownFileType = audio.wav; name = "Audio 25_1.wav"; path = "../../../../Downloads/iwack audio/Audio 25_1.wav"; sourceTree = "<group>"; };
		E98F9CEE2C0227D30066104C /* Audio 18_1.wav */ = {isa = PBXFileReference; lastKnownFileType = audio.wav; name = "Audio 18_1.wav"; path = "../../../../Downloads/iwack audio/Audio 18_1.wav"; sourceTree = "<group>"; };
		E98F9CEF2C0227D30066104C /* Audio 9_1.wav */ = {isa = PBXFileReference; lastKnownFileType = audio.wav; name = "Audio 9_1.wav"; path = "../../../../Downloads/iwack audio/Audio 9_1.wav"; sourceTree = "<group>"; };
		E98F9CF02C0227D30066104C /* Audio 6_1.wav */ = {isa = PBXFileReference; lastKnownFileType = audio.wav; name = "Audio 6_1.wav"; path = "../../../../Downloads/iwack audio/Audio 6_1.wav"; sourceTree = "<group>"; };
		E98F9CF12C0227D30066104C /* Audio 10_1.wav */ = {isa = PBXFileReference; lastKnownFileType = audio.wav; name = "Audio 10_1.wav"; path = "../../../../Downloads/iwack audio/Audio 10_1.wav"; sourceTree = "<group>"; };
		E98F9CF22C0227D30066104C /* Audio 5_1.wav */ = {isa = PBXFileReference; lastKnownFileType = audio.wav; name = "Audio 5_1.wav"; path = "../../../../Downloads/iwack audio/Audio 5_1.wav"; sourceTree = "<group>"; };
		E98F9CF32C0227D30066104C /* Audio 3_1.wav */ = {isa = PBXFileReference; lastKnownFileType = audio.wav; name = "Audio 3_1.wav"; path = "../../../../Downloads/iwack audio/Audio 3_1.wav"; sourceTree = "<group>"; };
		E98F9CF42C0227D30066104C /* Audio 11_1.wav */ = {isa = PBXFileReference; lastKnownFileType = audio.wav; name = "Audio 11_1.wav"; path = "../../../../Downloads/iwack audio/Audio 11_1.wav"; sourceTree = "<group>"; };
		E98F9CF52C0227D30066104C /* Audio 15_1.wav */ = {isa = PBXFileReference; lastKnownFileType = audio.wav; name = "Audio 15_1.wav"; path = "../../../../Downloads/iwack audio/Audio 15_1.wav"; sourceTree = "<group>"; };
		E98F9CF62C0227D30066104C /* Audio 7_1.wav */ = {isa = PBXFileReference; lastKnownFileType = audio.wav; name = "Audio 7_1.wav"; path = "../../../../Downloads/iwack audio/Audio 7_1.wav"; sourceTree = "<group>"; };
		E98F9CF72C0227D30066104C /* Audio 14_1.wav */ = {isa = PBXFileReference; lastKnownFileType = audio.wav; name = "Audio 14_1.wav"; path = "../../../../Downloads/iwack audio/Audio 14_1.wav"; sourceTree = "<group>"; };
		E98F9CF82C0227D30066104C /* Audio 2_1.wav */ = {isa = PBXFileReference; lastKnownFileType = audio.wav; name = "Audio 2_1.wav"; path = "../../../../Downloads/iwack audio/Audio 2_1.wav"; sourceTree = "<group>"; };
		E98F9CF92C0227D30066104C /* Audio 16_1.wav */ = {isa = PBXFileReference; lastKnownFileType = audio.wav; name = "Audio 16_1.wav"; path = "../../../../Downloads/iwack audio/Audio 16_1.wav"; sourceTree = "<group>"; };
		E98F9CFA2C0227D30066104C /* Audio 12_1.wav */ = {isa = PBXFileReference; lastKnownFileType = audio.wav; name = "Audio 12_1.wav"; path = "../../../../Downloads/iwack audio/Audio 12_1.wav"; sourceTree = "<group>"; };
		E98F9CFB2C0227D30066104C /* Audio 22_1.wav */ = {isa = PBXFileReference; lastKnownFileType = audio.wav; name = "Audio 22_1.wav"; path = "../../../../Downloads/iwack audio/Audio 22_1.wav"; sourceTree = "<group>"; };
		E98F9CFC2C0227D30066104C /* Audio 17_1.wav */ = {isa = PBXFileReference; lastKnownFileType = audio.wav; name = "Audio 17_1.wav"; path = "../../../../Downloads/iwack audio/Audio 17_1.wav"; sourceTree = "<group>"; };
		E98F9CFD2C0227D30066104C /* Audio 4_1.wav */ = {isa = PBXFileReference; lastKnownFileType = audio.wav; name = "Audio 4_1.wav"; path = "../../../../Downloads/iwack audio/Audio 4_1.wav"; sourceTree = "<group>"; };
		E98F9CFE2C0227D30066104C /* Audio 24_1.wav */ = {isa = PBXFileReference; lastKnownFileType = audio.wav; name = "Audio 24_1.wav"; path = "../../../../Downloads/iwack audio/Audio 24_1.wav"; sourceTree = "<group>"; };
		E98F9CFF2C0227D30066104C /* Audio 23_1.wav */ = {isa = PBXFileReference; lastKnownFileType = audio.wav; name = "Audio 23_1.wav"; path = "../../../../Downloads/iwack audio/Audio 23_1.wav"; sourceTree = "<group>"; };
		E98F9D002C0227D30066104C /* Audio 13_1.wav */ = {isa = PBXFileReference; lastKnownFileType = audio.wav; name = "Audio 13_1.wav"; path = "../../../../Downloads/iwack audio/Audio 13_1.wav"; sourceTree = "<group>"; };
		E98F9D012C0227D30066104C /* Audio 19_1.wav */ = {isa = PBXFileReference; lastKnownFileType = audio.wav; name = "Audio 19_1.wav"; path = "../../../../Downloads/iwack audio/Audio 19_1.wav"; sourceTree = "<group>"; };
		E98F9D022C0227D30066104C /* Audio 21_1.wav */ = {isa = PBXFileReference; lastKnownFileType = audio.wav; name = "Audio 21_1.wav"; path = "../../../../Downloads/iwack audio/Audio 21_1.wav"; sourceTree = "<group>"; };
		E98F9D032C0227D30066104C /* Audio 1_1.wav */ = {isa = PBXFileReference; lastKnownFileType = audio.wav; name = "Audio 1_1.wav"; path = "../../../../Downloads/iwack audio/Audio 1_1.wav"; sourceTree = "<group>"; };
		E98F9D042C0227D30066104C /* Audio 27_1.wav */ = {isa = PBXFileReference; lastKnownFileType = audio.wav; name = "Audio 27_1.wav"; path = "../../../../Downloads/iwack audio/Audio 27_1.wav"; sourceTree = "<group>"; };
		E98F9D202C0227E40066104C /* Audio 7_1.wav */ = {isa = PBXFileReference; lastKnownFileType = audio.wav; name = "Audio 7_1.wav"; path = "../../../../Downloads/iwack audio/Audio 7_1.wav"; sourceTree = "<group>"; };
		E98F9D212C0227E40066104C /* Audio 5_1.wav */ = {isa = PBXFileReference; lastKnownFileType = audio.wav; name = "Audio 5_1.wav"; path = "../../../../Downloads/iwack audio/Audio 5_1.wav"; sourceTree = "<group>"; };
		E98F9D222C0227E40066104C /* Audio 3_1.wav */ = {isa = PBXFileReference; lastKnownFileType = audio.wav; name = "Audio 3_1.wav"; path = "../../../../Downloads/iwack audio/Audio 3_1.wav"; sourceTree = "<group>"; };
		E98F9D232C0227E40066104C /* Audio 8_1.wav */ = {isa = PBXFileReference; lastKnownFileType = audio.wav; name = "Audio 8_1.wav"; path = "../../../../Downloads/iwack audio/Audio 8_1.wav"; sourceTree = "<group>"; };
		E98F9D242C0227E40066104C /* Audio 9_1.wav */ = {isa = PBXFileReference; lastKnownFileType = audio.wav; name = "Audio 9_1.wav"; path = "../../../../Downloads/iwack audio/Audio 9_1.wav"; sourceTree = "<group>"; };
		E98F9D252C0227E40066104C /* Audio 1_1.wav */ = {isa = PBXFileReference; lastKnownFileType = audio.wav; name = "Audio 1_1.wav"; path = "../../../../Downloads/iwack audio/Audio 1_1.wav"; sourceTree = "<group>"; };
		E98F9D262C0227E40066104C /* Audio 2_1.wav */ = {isa = PBXFileReference; lastKnownFileType = audio.wav; name = "Audio 2_1.wav"; path = "../../../../Downloads/iwack audio/Audio 2_1.wav"; sourceTree = "<group>"; };
		E98F9D272C0227E40066104C /* Audio 4_1.wav */ = {isa = PBXFileReference; lastKnownFileType = audio.wav; name = "Audio 4_1.wav"; path = "../../../../Downloads/iwack audio/Audio 4_1.wav"; sourceTree = "<group>"; };
		E98F9D282C0227E40066104C /* Audio 6_1.wav */ = {isa = PBXFileReference; lastKnownFileType = audio.wav; name = "Audio 6_1.wav"; path = "../../../../Downloads/iwack audio/Audio 6_1.wav"; sourceTree = "<group>"; };
/* End PBXFileReference section */

/* Begin PBXFrameworksBuildPhase section */
		E9336D1A2BD5664F00E61E33 /* Frameworks */ = {
			isa = PBXFrameworksBuildPhase;
			buildActionMask = 2147483647;
			files = (
			);
			runOnlyForDeploymentPostprocessing = 0;
		};
/* End PBXFrameworksBuildPhase section */

/* Begin PBXGroup section */
		E9336D142BD5664F00E61E33 = {
			isa = PBXGroup;
			children = (
				E9336D1F2BD5664F00E61E33 /* Tap n' Sound */,
				E9336D1E2BD5664F00E61E33 /* Products */,
			);
			sourceTree = "<group>";
		};
		E9336D1E2BD5664F00E61E33 /* Products */ = {
			isa = PBXGroup;
			children = (
				E9336D1D2BD5664F00E61E33 /* Tap n' Sound.app */,
			);
			name = Products;
			sourceTree = "<group>";
		};
		E9336D1F2BD5664F00E61E33 /* Tap n' Sound */ = {
			isa = PBXGroup;
			children = (
				E9336D202BD5664F00E61E33 /* Tap_n__SoundApp.swift */,
				E9336D222BD5664F00E61E33 /* ContentView.swift */,
				E9336D242BD5665000E61E33 /* Assets.xcassets */,
				E9336D262BD5665000E61E33 /* Preview Content */,
			);
			path = "Tap n' Sound";
			sourceTree = "<group>";
		};
		E9336D262BD5665000E61E33 /* Preview Content */ = {
			isa = PBXGroup;
			children = (
				E98F9CC32C0227C80066104C /* Audio 1_1.wav */,
				E98F9D032C0227D30066104C /* Audio 1_1.wav */,
				E98F9CCE2C0227C80066104C /* Audio 2_1.wav */,
				E98F9CF82C0227D30066104C /* Audio 2_1.wav */,
				E98F9D252C0227E40066104C /* Audio 1_1.wav */,
				E98F9D262C0227E40066104C /* Audio 2_1.wav */,
				E98F9CC62C0227C80066104C /* Audio 3_1.wav */,
				E98F9CC92C0227C80066104C /* Audio 4_1.wav */,
				E98F9CF32C0227D30066104C /* Audio 3_1.wav */,
				E98F9CFD2C0227D30066104C /* Audio 4_1.wav */,
				E98F9D222C0227E40066104C /* Audio 3_1.wav */,
				E98F9D272C0227E40066104C /* Audio 4_1.wav */,
				E98F9CB72C0227C80066104C /* Audio 5_1.wav */,
				E98F9CF22C0227D30066104C /* Audio 5_1.wav */,
				E98F9CBE2C0227C80066104C /* Audio 6_1.wav */,
				E98F9D212C0227E40066104C /* Audio 5_1.wav */,
				E98F9D282C0227E40066104C /* Audio 6_1.wav */,
				E98F9CCD2C0227C80066104C /* Audio 7_1.wav */,
				E98F9CF02C0227D30066104C /* Audio 6_1.wav */,
				E98F9CF62C0227D30066104C /* Audio 7_1.wav */,
				E98F9CBB2C0227C80066104C /* Audio 8_1.wav */,
				E98F9CBD2C0227C80066104C /* Audio 9_1.wav */,
				E98F9D202C0227E40066104C /* Audio 7_1.wav */,
				E98F9D232C0227E40066104C /* Audio 8_1.wav */,
				E98F9D242C0227E40066104C /* Audio 9_1.wav */,
				E98F9CC72C0227C80066104C /* Audio 10_1.wav */,
				E98F9CB62C0227C80066104C /* Audio 11_1.wav */,
				E98F9CC12C0227C80066104C /* Audio 12_1.wav */,
				E98F9CCA2C0227C80066104C /* Audio 13_1.wav */,
				E98F9CFA2C0227D30066104C /* Audio 12_1.wav */,
				E98F9D002C0227D30066104C /* Audio 13_1.wav */,
				E98F9CB92C0227C80066104C /* Audio 14_1.wav */,
				E98F9CF72C0227D30066104C /* Audio 14_1.wav */,
				E98F9CC22C0227C80066104C /* Audio 15_1.wav */,
				E98F9CC42C0227C80066104C /* Audio 16_1.wav */,
				E98F9CCC2C0227C80066104C /* Audio 17_1.wav */,
				E98F9CEF2C0227D30066104C /* Audio 9_1.wav */,
				E98F9CF12C0227D30066104C /* Audio 10_1.wav */,
				E98F9CF42C0227D30066104C /* Audio 11_1.wav */,
				E98F9CF52C0227D30066104C /* Audio 15_1.wav */,
				E98F9CF92C0227D30066104C /* Audio 16_1.wav */,
				E98F9CFC2C0227D30066104C /* Audio 17_1.wav */,
				E98F9CC52C0227C80066104C /* Audio 18_1.wav */,
				E98F9CBA2C0227C80066104C /* Audio 19_1.wav */,
				E98F9CEE2C0227D30066104C /* Audio 18_1.wav */,
				E98F9D012C0227D30066104C /* Audio 19_1.wav */,
				E98F9CB52C0227C80066104C /* Audio 20_1.wav */,
				E98F9CC82C0227C80066104C /* Audio 21_1.wav */,
				E98F9D022C0227D30066104C /* Audio 21_1.wav */,
				E98F9CCB2C0227C80066104C /* Audio 22_1.wav */,
				E98F9CB42C0227C80066104C /* Audio 23_1.wav */,
				E98F9CFF2C0227D30066104C /* Audio 23_1.wav */,
				E98F9CB82C0227C80066104C /* Audio 24_1.wav */,
				E98F9CFB2C0227D30066104C /* Audio 22_1.wav */,
				E98F9CFE2C0227D30066104C /* Audio 24_1.wav */,
				E98F9CBF2C0227C80066104C /* Audio 25_1.wav */,
				E98F9CEC2C0227D30066104C /* Audio 20_1.wav */,
				E98F9CED2C0227D30066104C /* Audio 25_1.wav */,
				E98F9CC02C0227C80066104C /* Audio 26_1.wav */,
				E98F9CBC2C0227C80066104C /* Audio 27_1.wav */,
				E98F9CEA2C0227D30066104C /* Audio 8_1.wav */,
				E98F9CEB2C0227D30066104C /* Audio 26_1.wav */,
				E98F9D042C0227D30066104C /* Audio 27_1.wav */,
				E9336D272BD5665000E61E33 /* Preview Assets.xcassets */,
			);
			path = "Preview Content";
			sourceTree = "<group>";
		};
/* End PBXGroup section */

/* Begin PBXNativeTarget section */
		E9336D1C2BD5664F00E61E33 /* Tap n' Sound */ = {
			isa = PBXNativeTarget;
			buildConfigurationList = E9336D2B2BD5665000E61E33 /* Build configuration list for PBXNativeTarget "Tap n' Sound" */;
			buildPhases = (
				E9336D192BD5664F00E61E33 /* Sources */,
				E9336D1A2BD5664F00E61E33 /* Frameworks */,
				E9336D1B2BD5664F00E61E33 /* Resources */,
			);
			buildRules = (
			);
			dependencies = (
			);
			name = "Tap n' Sound";
			productName = "Tap n' Sound";
			productReference = E9336D1D2BD5664F00E61E33 /* Tap n' Sound.app */;
			productType = "com.apple.product-type.application";
		};
/* End PBXNativeTarget section */

/* Begin PBXProject section */
		E9336D152BD5664F00E61E33 /* Project object */ = {
			isa = PBXProject;
			attributes = {
				BuildIndependentTargetsInParallel = 1;
				LastSwiftUpdateCheck = 1530;
				LastUpgradeCheck = 1530;
				TargetAttributes = {
					E9336D1C2BD5664F00E61E33 = {
						CreatedOnToolsVersion = 15.3;
					};
				};
			};
			buildConfigurationList = E9336D182BD5664F00E61E33 /* Build configuration list for PBXProject "Tap n' Sound" */;
			compatibilityVersion = "Xcode 14.0";
			developmentRegion = en;
			hasScannedForEncodings = 0;
			knownRegions = (
				en,
				Base,
			);
			mainGroup = E9336D142BD5664F00E61E33;
			productRefGroup = E9336D1E2BD5664F00E61E33 /* Products */;
			projectDirPath = "";
			projectRoot = "";
			targets = (
				E9336D1C2BD5664F00E61E33 /* Tap n' Sound */,
			);
		};
/* End PBXProject section */

/* Begin PBXResourcesBuildPhase section */
		E9336D1B2BD5664F00E61E33 /* Resources */ = {
			isa = PBXResourcesBuildPhase;
			buildActionMask = 2147483647;
			files = (
				E98F9D1E2C0227D30066104C /* Audio 1_1.wav in Resources */,
				E98F9D292C0227E40066104C /* Audio 7_1.wav in Resources */,
				E98F9D1B2C0227D30066104C /* Audio 13_1.wav in Resources */,
				E98F9CCF2C0227C80066104C /* Audio 23_1.wav in Resources */,
				E98F9CD92C0227C80066104C /* Audio 6_1.wav in Resources */,
				E98F9CD02C0227C80066104C /* Audio 20_1.wav in Resources */,
				E98F9CDE2C0227C80066104C /* Audio 1_1.wav in Resources */,
				E98F9D2F2C0227E40066104C /* Audio 2_1.wav in Resources */,
				E98F9CE32C0227C80066104C /* Audio 21_1.wav in Resources */,
				E98F9D102C0227D30066104C /* Audio 15_1.wav in Resources */,
				E98F9CD62C0227C80066104C /* Audio 8_1.wav in Resources */,
				E98F9D052C0227D30066104C /* Audio 8_1.wav in Resources */,
				E98F9D142C0227D30066104C /* Audio 16_1.wav in Resources */,
				E98F9D1F2C0227D30066104C /* Audio 27_1.wav in Resources */,
				E98F9D082C0227D30066104C /* Audio 25_1.wav in Resources */,
				E98F9CD22C0227C80066104C /* Audio 5_1.wav in Resources */,
				E98F9D2B2C0227E40066104C /* Audio 3_1.wav in Resources */,
				E98F9CDA2C0227C80066104C /* Audio 25_1.wav in Resources */,
				E98F9D312C0227E40066104C /* Audio 6_1.wav in Resources */,
				E98F9D0A2C0227D30066104C /* Audio 9_1.wav in Resources */,
				E98F9D172C0227D30066104C /* Audio 17_1.wav in Resources */,
				E98F9D092C0227D30066104C /* Audio 18_1.wav in Resources */,
				E98F9CDB2C0227C80066104C /* Audio 26_1.wav in Resources */,
				E98F9CD32C0227C80066104C /* Audio 24_1.wav in Resources */,
				E98F9CE42C0227C80066104C /* Audio 4_1.wav in Resources */,
				E98F9D0C2C0227D30066104C /* Audio 10_1.wav in Resources */,
				E98F9CE62C0227C80066104C /* Audio 22_1.wav in Resources */,
				E98F9D0F2C0227D30066104C /* Audio 11_1.wav in Resources */,
				E98F9D1D2C0227D30066104C /* Audio 21_1.wav in Resources */,
				E98F9D192C0227D30066104C /* Audio 24_1.wav in Resources */,
				E98F9D2E2C0227E40066104C /* Audio 1_1.wav in Resources */,
				E98F9CDD2C0227C80066104C /* Audio 15_1.wav in Resources */,
				E98F9D302C0227E40066104C /* Audio 4_1.wav in Resources */,
				E98F9CDC2C0227C80066104C /* Audio 12_1.wav in Resources */,
				E98F9D072C0227D30066104C /* Audio 20_1.wav in Resources */,
				E98F9CE12C0227C80066104C /* Audio 3_1.wav in Resources */,
				E98F9CE22C0227C80066104C /* Audio 10_1.wav in Resources */,
				E9336D282BD5665000E61E33 /* Preview Assets.xcassets in Resources */,
				E98F9CE02C0227C80066104C /* Audio 18_1.wav in Resources */,
				E98F9D2A2C0227E40066104C /* Audio 5_1.wav in Resources */,
				E98F9D062C0227D30066104C /* Audio 26_1.wav in Resources */,
				E98F9CE52C0227C80066104C /* Audio 13_1.wav in Resources */,
				E98F9D162C0227D30066104C /* Audio 22_1.wav in Resources */,
				E98F9D112C0227D30066104C /* Audio 7_1.wav in Resources */,
				E98F9D1A2C0227D30066104C /* Audio 23_1.wav in Resources */,
				E98F9CD42C0227C80066104C /* Audio 14_1.wav in Resources */,
				E98F9CD72C0227C80066104C /* Audio 27_1.wav in Resources */,
				E98F9D2C2C0227E40066104C /* Audio 8_1.wav in Resources */,
				E9336D252BD5665000E61E33 /* Assets.xcassets in Resources */,
				E98F9CE92C0227C80066104C /* Audio 2_1.wav in Resources */,
				E98F9D0D2C0227D30066104C /* Audio 5_1.wav in Resources */,
				E98F9CE72C0227C80066104C /* Audio 17_1.wav in Resources */,
				E98F9CD52C0227C80066104C /* Audio 19_1.wav in Resources */,
				E98F9D0B2C0227D30066104C /* Audio 6_1.wav in Resources */,
				E98F9D132C0227D30066104C /* Audio 2_1.wav in Resources */,
				E98F9CE82C0227C80066104C /* Audio 7_1.wav in Resources */,
				E98F9D182C0227D30066104C /* Audio 4_1.wav in Resources */,
				E98F9CD82C0227C80066104C /* Audio 9_1.wav in Resources */,
				E98F9CDF2C0227C80066104C /* Audio 16_1.wav in Resources */,
				E98F9D1C2C0227D30066104C /* Audio 19_1.wav in Resources */,
				E98F9D122C0227D30066104C /* Audio 14_1.wav in Resources */,
				E98F9D0E2C0227D30066104C /* Audio 3_1.wav in Resources */,
				E98F9D2D2C0227E40066104C /* Audio 9_1.wav in Resources */,
				E98F9CD12C0227C80066104C /* Audio 11_1.wav in Resources */,
				E98F9D152C0227D30066104C /* Audio 12_1.wav in Resources */,
			);
			runOnlyForDeploymentPostprocessing = 0;
		};
/* End PBXResourcesBuildPhase section */

/* Begin PBXSourcesBuildPhase section */
		E9336D192BD5664F00E61E33 /* Sources */ = {
			isa = PBXSourcesBuildPhase;
			buildActionMask = 2147483647;
			files = (
				E9336D232BD5664F00E61E33 /* ContentView.swift in Sources */,
				E9336D212BD5664F00E61E33 /* Tap_n__SoundApp.swift in Sources */,
			);
			runOnlyForDeploymentPostprocessing = 0;
		};
/* End PBXSourcesBuildPhase section */

/* Begin XCBuildConfiguration section */
		E9336D292BD5665000E61E33 /* Debug */ = {
			isa = XCBuildConfiguration;
			buildSettings = {
				ALWAYS_SEARCH_USER_PATHS = NO;
				ASSETCATALOG_COMPILER_GENERATE_SWIFT_ASSET_SYMBOL_EXTENSIONS = YES;
				CLANG_ANALYZER_NONNULL = YES;
				CLANG_ANALYZER_NUMBER_OBJECT_CONVERSION = YES_AGGRESSIVE;
				CLANG_CXX_LANGUAGE_STANDARD = "gnu++20";
				CLANG_ENABLE_MODULES = YES;
				CLANG_ENABLE_OBJC_ARC = YES;
				CLANG_ENABLE_OBJC_WEAK = YES;
				CLANG_WARN_BLOCK_CAPTURE_AUTORELEASING = YES;
				CLANG_WARN_BOOL_CONVERSION = YES;
				CLANG_WARN_COMMA = YES;
				CLANG_WARN_CONSTANT_CONVERSION = YES;
				CLANG_WARN_DEPRECATED_OBJC_IMPLEMENTATIONS = YES;
				CLANG_WARN_DIRECT_OBJC_ISA_USAGE = YES_ERROR;
				CLANG_WARN_DOCUMENTATION_COMMENTS = YES;
				CLANG_WARN_EMPTY_BODY = YES;
				CLANG_WARN_ENUM_CONVERSION = YES;
				CLANG_WARN_INFINITE_RECURSION = YES;
				CLANG_WARN_INT_CONVERSION = YES;
				CLANG_WARN_NON_LITERAL_NULL_CONVERSION = YES;
				CLANG_WARN_OBJC_IMPLICIT_RETAIN_SELF = YES;
				CLANG_WARN_OBJC_LITERAL_CONVERSION = YES;
				CLANG_WARN_OBJC_ROOT_CLASS = YES_ERROR;
				CLANG_WARN_QUOTED_INCLUDE_IN_FRAMEWORK_HEADER = YES;
				CLANG_WARN_RANGE_LOOP_ANALYSIS = YES;
				CLANG_WARN_STRICT_PROTOTYPES = YES;
				CLANG_WARN_SUSPICIOUS_MOVE = YES;
				CLANG_WARN_UNGUARDED_AVAILABILITY = YES_AGGRESSIVE;
				CLANG_WARN_UNREACHABLE_CODE = YES;
				CLANG_WARN__DUPLICATE_METHOD_MATCH = YES;
				COPY_PHASE_STRIP = NO;
				DEBUG_INFORMATION_FORMAT = dwarf;
				ENABLE_STRICT_OBJC_MSGSEND = YES;
				ENABLE_TESTABILITY = YES;
				ENABLE_USER_SCRIPT_SANDBOXING = YES;
				GCC_C_LANGUAGE_STANDARD = gnu17;
				GCC_DYNAMIC_NO_PIC = NO;
				GCC_NO_COMMON_BLOCKS = YES;
				GCC_OPTIMIZATION_LEVEL = 0;
				GCC_PREPROCESSOR_DEFINITIONS = (
					"DEBUG=1",
					"$(inherited)",
				);
				GCC_WARN_64_TO_32_BIT_CONVERSION = YES;
				GCC_WARN_ABOUT_RETURN_TYPE = YES_ERROR;
				GCC_WARN_UNDECLARED_SELECTOR = YES;
				GCC_WARN_UNINITIALIZED_AUTOS = YES_AGGRESSIVE;
				GCC_WARN_UNUSED_FUNCTION = YES;
				GCC_WARN_UNUSED_VARIABLE = YES;
				IPHONEOS_DEPLOYMENT_TARGET = 17.4;
				LOCALIZATION_PREFERS_STRING_CATALOGS = YES;
				MTL_ENABLE_DEBUG_INFO = INCLUDE_SOURCE;
				MTL_FAST_MATH = YES;
				ONLY_ACTIVE_ARCH = YES;
				SDKROOT = iphoneos;
				SWIFT_ACTIVE_COMPILATION_CONDITIONS = "DEBUG $(inherited)";
				SWIFT_OPTIMIZATION_LEVEL = "-Onone";
			};
			name = Debug;
		};
		E9336D2A2BD5665000E61E33 /* Release */ = {
			isa = XCBuildConfiguration;
			buildSettings = {
				ALWAYS_SEARCH_USER_PATHS = NO;
				ASSETCATALOG_COMPILER_GENERATE_SWIFT_ASSET_SYMBOL_EXTENSIONS = YES;
				CLANG_ANALYZER_NONNULL = YES;
				CLANG_ANALYZER_NUMBER_OBJECT_CONVERSION = YES_AGGRESSIVE;
				CLANG_CXX_LANGUAGE_STANDARD = "gnu++20";
				CLANG_ENABLE_MODULES = YES;
				CLANG_ENABLE_OBJC_ARC = YES;
				CLANG_ENABLE_OBJC_WEAK = YES;
				CLANG_WARN_BLOCK_CAPTURE_AUTORELEASING = YES;
				CLANG_WARN_BOOL_CONVERSION = YES;
				CLANG_WARN_COMMA = YES;
				CLANG_WARN_CONSTANT_CONVERSION = YES;
				CLANG_WARN_DEPRECATED_OBJC_IMPLEMENTATIONS = YES;
				CLANG_WARN_DIRECT_OBJC_ISA_USAGE = YES_ERROR;
				CLANG_WARN_DOCUMENTATION_COMMENTS = YES;
				CLANG_WARN_EMPTY_BODY = YES;
				CLANG_WARN_ENUM_CONVERSION = YES;
				CLANG_WARN_INFINITE_RECURSION = YES;
				CLANG_WARN_INT_CONVERSION = YES;
				CLANG_WARN_NON_LITERAL_NULL_CONVERSION = YES;
				CLANG_WARN_OBJC_IMPLICIT_RETAIN_SELF = YES;
				CLANG_WARN_OBJC_LITERAL_CONVERSION = YES;
				CLANG_WARN_OBJC_ROOT_CLASS = YES_ERROR;
				CLANG_WARN_QUOTED_INCLUDE_IN_FRAMEWORK_HEADER = YES;
				CLANG_WARN_RANGE_LOOP_ANALYSIS = YES;
				CLANG_WARN_STRICT_PROTOTYPES = YES;
				CLANG_WARN_SUSPICIOUS_MOVE = YES;
				CLANG_WARN_UNGUARDED_AVAILABILITY = YES_AGGRESSIVE;
				CLANG_WARN_UNREACHABLE_CODE = YES;
				CLANG_WARN__DUPLICATE_METHOD_MATCH = YES;
				COPY_PHASE_STRIP = NO;
				DEBUG_INFORMATION_FORMAT = "dwarf-with-dsym";
				ENABLE_NS_ASSERTIONS = NO;
				ENABLE_STRICT_OBJC_MSGSEND = YES;
				ENABLE_USER_SCRIPT_SANDBOXING = YES;
				GCC_C_LANGUAGE_STANDARD = gnu17;
				GCC_NO_COMMON_BLOCKS = YES;
				GCC_WARN_64_TO_32_BIT_CONVERSION = YES;
				GCC_WARN_ABOUT_RETURN_TYPE = YES_ERROR;
				GCC_WARN_UNDECLARED_SELECTOR = YES;
				GCC_WARN_UNINITIALIZED_AUTOS = YES_AGGRESSIVE;
				GCC_WARN_UNUSED_FUNCTION = YES;
				GCC_WARN_UNUSED_VARIABLE = YES;
				IPHONEOS_DEPLOYMENT_TARGET = 17.4;
				LOCALIZATION_PREFERS_STRING_CATALOGS = YES;
				MTL_ENABLE_DEBUG_INFO = NO;
				MTL_FAST_MATH = YES;
				SDKROOT = iphoneos;
				SWIFT_COMPILATION_MODE = wholemodule;
				VALIDATE_PRODUCT = YES;
			};
			name = Release;
		};
		E9336D2C2BD5665000E61E33 /* Debug */ = {
			isa = XCBuildConfiguration;
			buildSettings = {
				ASSETCATALOG_COMPILER_APPICON_NAME = AppIcon;
				ASSETCATALOG_COMPILER_GLOBAL_ACCENT_COLOR_NAME = AccentColor;
				CODE_SIGN_STYLE = Automatic;
				CURRENT_PROJECT_VERSION = 1;
				DEVELOPMENT_ASSET_PATHS = "\"Tap n' Sound/Preview Content\"";
				DEVELOPMENT_TEAM = 229VF74PS3;
				ENABLE_PREVIEWS = YES;
				GENERATE_INFOPLIST_FILE = YES;
				INFOPLIST_KEY_CFBundleDisplayName = "Tap n' Sound";
				INFOPLIST_KEY_LSApplicationCategoryType = "public.app-category.entertainment";
				INFOPLIST_KEY_UIApplicationSceneManifest_Generation = YES;
				INFOPLIST_KEY_UIApplicationSupportsIndirectInputEvents = YES;
				INFOPLIST_KEY_UILaunchScreen_Generation = YES;
				INFOPLIST_KEY_UISupportedInterfaceOrientations_iPad = "UIInterfaceOrientationPortrait UIInterfaceOrientationPortraitUpsideDown UIInterfaceOrientationLandscapeLeft UIInterfaceOrientationLandscapeRight";
				INFOPLIST_KEY_UISupportedInterfaceOrientations_iPhone = "UIInterfaceOrientationPortrait UIInterfaceOrientationLandscapeLeft UIInterfaceOrientationLandscapeRight";
				IPHONEOS_DEPLOYMENT_TARGET = 17.0;
				LD_RUNPATH_SEARCH_PATHS = (
					"$(inherited)",
					"@executable_path/Frameworks",
				);
				MARKETING_VERSION = 1.0;
				PRODUCT_BUNDLE_IDENTIFIER = "Percival.Tap-n--Sound";
				PRODUCT_NAME = "$(TARGET_NAME)";
				SWIFT_EMIT_LOC_STRINGS = YES;
				SWIFT_VERSION = 5.0;
				TARGETED_DEVICE_FAMILY = "1,2";
			};
			name = Debug;
		};
		E9336D2D2BD5665000E61E33 /* Release */ = {
			isa = XCBuildConfiguration;
			buildSettings = {
				ASSETCATALOG_COMPILER_APPICON_NAME = AppIcon;
				ASSETCATALOG_COMPILER_GLOBAL_ACCENT_COLOR_NAME = AccentColor;
				CODE_SIGN_STYLE = Automatic;
				CURRENT_PROJECT_VERSION = 1;
				DEVELOPMENT_ASSET_PATHS = "\"Tap n' Sound/Preview Content\"";
				DEVELOPMENT_TEAM = 229VF74PS3;
				ENABLE_PREVIEWS = YES;
				GENERATE_INFOPLIST_FILE = YES;
				INFOPLIST_KEY_CFBundleDisplayName = "Tap n' Sound";
				INFOPLIST_KEY_LSApplicationCategoryType = "public.app-category.entertainment";
				INFOPLIST_KEY_UIApplicationSceneManifest_Generation = YES;
				INFOPLIST_KEY_UIApplicationSupportsIndirectInputEvents = YES;
				INFOPLIST_KEY_UILaunchScreen_Generation = YES;
				INFOPLIST_KEY_UISupportedInterfaceOrientations_iPad = "UIInterfaceOrientationPortrait UIInterfaceOrientationPortraitUpsideDown UIInterfaceOrientationLandscapeLeft UIInterfaceOrientationLandscapeRight";
				INFOPLIST_KEY_UISupportedInterfaceOrientations_iPhone = "UIInterfaceOrientationPortrait UIInterfaceOrientationLandscapeLeft UIInterfaceOrientationLandscapeRight";
				IPHONEOS_DEPLOYMENT_TARGET = 17.0;
				LD_RUNPATH_SEARCH_PATHS = (
					"$(inherited)",
					"@executable_path/Frameworks",
				);
				MARKETING_VERSION = 1.0;
				PRODUCT_BUNDLE_IDENTIFIER = "Percival.Tap-n--Sound";
				PRODUCT_NAME = "$(TARGET_NAME)";
				SWIFT_EMIT_LOC_STRINGS = YES;
				SWIFT_VERSION = 5.0;
				TARGETED_DEVICE_FAMILY = "1,2";
			};
			name = Release;
		};
/* End XCBuildConfiguration section */

/* Begin XCConfigurationList section */
		E9336D182BD5664F00E61E33 /* Build configuration list for PBXProject "Tap n' Sound" */ = {
			isa = XCConfigurationList;
			buildConfigurations = (
				E9336D292BD5665000E61E33 /* Debug */,
				E9336D2A2BD5665000E61E33 /* Release */,
			);
			defaultConfigurationIsVisible = 0;
			defaultConfigurationName = Release;
		};
		E9336D2B2BD5665000E61E33 /* Build configuration list for PBXNativeTarget "Tap n' Sound" */ = {
			isa = XCConfigurationList;
			buildConfigurations = (
				E9336D2C2BD5665000E61E33 /* Debug */,
				E9336D2D2BD5665000E61E33 /* Release */,
			);
			defaultConfigurationIsVisible = 0;
			defaultConfigurationName = Release;
		};
/* End XCConfigurationList section */
	};
	rootObject = E9336D152BD5664F00E61E33 /* Project object */;
}
